
Microsoft Visual Studio Solution File, Format Version 12.00
# Visual Studio Version 17
VisualStudioVersion = 17.2.32519.379
MinimumVisualStudioVersion = 10.0.40219.1
Project("{9A19103F-16F7-4668-BE54-9A1E7A4F7556}") = "Basic mokymai", "Basic mokymai\Basic mokymai.csproj", "{4EE4562E-D57B-4591-B0C3-632D02779406}"
EndProject
Project("{9A19103F-16F7-4668-BE54-9A1E7A4F7556}") = "Naujas06.07", "Naujas06.07\Naujas06.07.csproj", "{53CA1112-999A-4D6F-81A5-4687FAAF6012}"
EndProject
Project("{9A19103F-16F7-4668-BE54-9A1E7A4F7556}") = "P002_Consoleužduotys", "P002_Consoleužduotys\P002_Consoleužduotys.csproj", "{A06FD302-3675-4EAF-800D-C769DB88063D}"
EndProject
Project("{9A19103F-16F7-4668-BE54-9A1E7A4F7556}") = "Kintamieji string", "Kintamieji string\Kintamieji string.csproj", "{425F29AC-E1C9-4544-AF28-88A84C5A289C}"
EndProject
Project("{9A19103F-16F7-4668-BE54-9A1E7A4F7556}") = "Bokštai", "Bokštai\Bokštai.csproj", "{F6AAE07C-C143-49B4-9A60-B0D8A7A38532}"
EndProject
Project("{9A19103F-16F7-4668-BE54-9A1E7A4F7556}") = "Bokštai2", "Bokštai2\Bokštai2.csproj", "{65A8A632-8B65-42FC-A241-E98C33D18E69}"
EndProject
Project("{9A19103F-16F7-4668-BE54-9A1E7A4F7556}") = "P003 Kintamieji", "P003 Kintamieji\P003 Kintamieji.csproj", "{0A981804-6A46-4195-9F34-1C3C623628A9}"
EndProject
Project("{9A19103F-16F7-4668-BE54-9A1E7A4F7556}") = "P004_Tipukonversijos", "P004_Tipukonversijos\P004_Tipukonversijos.csproj", "{62B9B916-3D47-44FF-B9CC-BA12315B4BB8}"
EndProject
Project("{9A19103F-16F7-4668-BE54-9A1E7A4F7556}") = "P004_MatematiniaiOperatoriai", "P004_MatematiniaiOperatoriai\P004_MatematiniaiOperatoriai.csproj", "{1A21D2B2-31DA-44AD-A9F2-D8096E61B368}"
EndProject
Project("{9A19103F-16F7-4668-BE54-9A1E7A4F7556}") = "P005_Operatoriai", "P005_Operatoriai\P005_Operatoriai.csproj", "{4E0DF3F1-3E84-4953-93D1-EEAA4BCB26EC}"
EndProject
Project("{9A19103F-16F7-4668-BE54-9A1E7A4F7556}") = "Savarankiskas", "Savarankiskas\Savarankiskas.csproj", "{36A7CB14-CE8B-40C2-8F09-D8EAB9C76CA2}"
EndProject
Project("{FAE04EC0-301F-11D3-BF4B-00C04F79EFBC}") = "P006_Loginiai", "P006_Loginiai\P006_Loginiai.csproj", "{F02E113A-5B6D-454D-9283-550F0558F4CE}"
EndProject
Global
	GlobalSection(SolutionConfigurationPlatforms) = preSolution
		Debug|Any CPU = Debug|Any CPU
		Release|Any CPU = Release|Any CPU
	EndGlobalSection
	GlobalSection(ProjectConfigurationPlatforms) = postSolution
		{4EE4562E-D57B-4591-B0C3-632D02779406}.Debug|Any CPU.ActiveCfg = Debug|Any CPU
		{4EE4562E-D57B-4591-B0C3-632D02779406}.Debug|Any CPU.Build.0 = Debug|Any CPU
		{4EE4562E-D57B-4591-B0C3-632D02779406}.Release|Any CPU.ActiveCfg = Release|Any CPU
		{4EE4562E-D57B-4591-B0C3-632D02779406}.Release|Any CPU.Build.0 = Release|Any CPU
		{53CA1112-999A-4D6F-81A5-4687FAAF6012}.Debug|Any CPU.ActiveCfg = Debug|Any CPU
		{53CA1112-999A-4D6F-81A5-4687FAAF6012}.Debug|Any CPU.Build.0 = Debug|Any CPU
		{53CA1112-999A-4D6F-81A5-4687FAAF6012}.Release|Any CPU.ActiveCfg = Release|Any CPU
		{53CA1112-999A-4D6F-81A5-4687FAAF6012}.Release|Any CPU.Build.0 = Release|Any CPU
		{A06FD302-3675-4EAF-800D-C769DB88063D}.Debug|Any CPU.ActiveCfg = Debug|Any CPU
		{A06FD302-3675-4EAF-800D-C769DB88063D}.Debug|Any CPU.Build.0 = Debug|Any CPU
		{A06FD302-3675-4EAF-800D-C769DB88063D}.Release|Any CPU.ActiveCfg = Release|Any CPU
		{A06FD302-3675-4EAF-800D-C769DB88063D}.Release|Any CPU.Build.0 = Release|Any CPU
		{425F29AC-E1C9-4544-AF28-88A84C5A289C}.Debug|Any CPU.ActiveCfg = Debug|Any CPU
		{425F29AC-E1C9-4544-AF28-88A84C5A289C}.Debug|Any CPU.Build.0 = Debug|Any CPU
		{425F29AC-E1C9-4544-AF28-88A84C5A289C}.Release|Any CPU.ActiveCfg = Release|Any CPU
		{425F29AC-E1C9-4544-AF28-88A84C5A289C}.Release|Any CPU.Build.0 = Release|Any CPU
		{F6AAE07C-C143-49B4-9A60-B0D8A7A38532}.Debug|Any CPU.ActiveCfg = Debug|Any CPU
		{F6AAE07C-C143-49B4-9A60-B0D8A7A38532}.Debug|Any CPU.Build.0 = Debug|Any CPU
		{F6AAE07C-C143-49B4-9A60-B0D8A7A38532}.Release|Any CPU.ActiveCfg = Release|Any CPU
		{F6AAE07C-C143-49B4-9A60-B0D8A7A38532}.Release|Any CPU.Build.0 = Release|Any CPU
		{65A8A632-8B65-42FC-A241-E98C33D18E69}.Debug|Any CPU.ActiveCfg = Debug|Any CPU
		{65A8A632-8B65-42FC-A241-E98C33D18E69}.Debug|Any CPU.Build.0 = Debug|Any CPU
		{65A8A632-8B65-42FC-A241-E98C33D18E69}.Release|Any CPU.ActiveCfg = Release|Any CPU
		{65A8A632-8B65-42FC-A241-E98C33D18E69}.Release|Any CPU.Build.0 = Release|Any CPU
		{0A981804-6A46-4195-9F34-1C3C623628A9}.Debug|Any CPU.ActiveCfg = Debug|Any CPU
		{0A981804-6A46-4195-9F34-1C3C623628A9}.Debug|Any CPU.Build.0 = Debug|Any CPU
		{0A981804-6A46-4195-9F34-1C3C623628A9}.Release|Any CPU.ActiveCfg = Release|Any CPU
		{0A981804-6A46-4195-9F34-1C3C623628A9}.Release|Any CPU.Build.0 = Release|Any CPU
		{62B9B916-3D47-44FF-B9CC-BA12315B4BB8}.Debug|Any CPU.ActiveCfg = Debug|Any CPU
		{62B9B916-3D47-44FF-B9CC-BA12315B4BB8}.Debug|Any CPU.Build.0 = Debug|Any CPU
		{62B9B916-3D47-44FF-B9CC-BA12315B4BB8}.Release|Any CPU.ActiveCfg = Release|Any CPU
		{62B9B916-3D47-44FF-B9CC-BA12315B4BB8}.Release|Any CPU.Build.0 = Release|Any CPU
		{1A21D2B2-31DA-44AD-A9F2-D8096E61B368}.Debug|Any CPU.ActiveCfg = Debug|Any CPU
		{1A21D2B2-31DA-44AD-A9F2-D8096E61B368}.Debug|Any CPU.Build.0 = Debug|Any CPU
		{1A21D2B2-31DA-44AD-A9F2-D8096E61B368}.Release|Any CPU.ActiveCfg = Release|Any CPU
		{1A21D2B2-31DA-44AD-A9F2-D8096E61B368}.Release|Any CPU.Build.0 = Release|Any CPU
		{4E0DF3F1-3E84-4953-93D1-EEAA4BCB26EC}.Debug|Any CPU.ActiveCfg = Debug|Any CPU
		{4E0DF3F1-3E84-4953-93D1-EEAA4BCB26EC}.Debug|Any CPU.Build.0 = Debug|Any CPU
		{4E0DF3F1-3E84-4953-93D1-EEAA4BCB26EC}.Release|Any CPU.ActiveCfg = Release|Any CPU
		{4E0DF3F1-3E84-4953-93D1-EEAA4BCB26EC}.Release|Any CPU.Build.0 = Release|Any CPU
		{36A7CB14-CE8B-40C2-8F09-D8EAB9C76CA2}.Debug|Any CPU.ActiveCfg = Debug|Any CPU
		{36A7CB14-CE8B-40C2-8F09-D8EAB9C76CA2}.Debug|Any CPU.Build.0 = Debug|Any CPU
		{36A7CB14-CE8B-40C2-8F09-D8EAB9C76CA2}.Release|Any CPU.ActiveCfg = Release|Any CPU
		{36A7CB14-CE8B-40C2-8F09-D8EAB9C76CA2}.Release|Any CPU.Build.0 = Release|Any CPU
		{F02E113A-5B6D-454D-9283-550F0558F4CE}.Debug|Any CPU.ActiveCfg = Debug|Any CPU
		{F02E113A-5B6D-454D-9283-550F0558F4CE}.Debug|Any CPU.Build.0 = Debug|Any CPU
		{F02E113A-5B6D-454D-9283-550F0558F4CE}.Release|Any CPU.ActiveCfg = Release|Any CPU
		{F02E113A-5B6D-454D-9283-550F0558F4CE}.Release|Any CPU.Build.0 = Release|Any CPU
	EndGlobalSection
	GlobalSection(SolutionProperties) = preSolution
		HideSolutionNode = FALSE
	EndGlobalSection
	GlobalSection(ExtensibilityGlobals) = postSolution
		SolutionGuid = {250AEEAB-092E-4F74-A44C-8F9278C01983}
	EndGlobalSection
EndGlobal
