
Microsoft Visual Studio Solution File, Format Version 12.00
# Visual Studio Version 17
VisualStudioVersion = 17.2.32519.379
MinimumVisualStudioVersion = 10.0.40219.1
Project("{FAE04EC0-301F-11D3-BF4B-00C04F79EFBC}") = "Basic mokymai", "Basic mokymai\Basic mokymai.csproj", "{4EE4562E-D57B-4591-B0C3-632D02779406}"
EndProject
Global
	GlobalSection(SolutionConfigurationPlatforms) = preSolution
		Debug|Any CPU = Debug|Any CPU
		Release|Any CPU = Release|Any CPU
	EndGlobalSection
	GlobalSection(ProjectConfigurationPlatforms) = postSolution
		{4EE4562E-D57B-4591-B0C3-632D02779406}.Debug|Any CPU.ActiveCfg = Debug|Any CPU
		{4EE4562E-D57B-4591-B0C3-632D02779406}.Debug|Any CPU.Build.0 = Debug|Any CPU
		{4EE4562E-D57B-4591-B0C3-632D02779406}.Release|Any CPU.ActiveCfg = Release|Any CPU
		{4EE4562E-D57B-4591-B0C3-632D02779406}.Release|Any CPU.Build.0 = Release|Any CPU
	EndGlobalSection
	GlobalSection(SolutionProperties) = preSolution
		HideSolutionNode = FALSE
	EndGlobalSection
	GlobalSection(ExtensibilityGlobals) = postSolution
		SolutionGuid = {250AEEAB-092E-4F74-A44C-8F9278C01983}
	EndGlobalSection
EndGlobal
